// !$*UTF8*$!
{
	archiveVersion = 1;
	classes = {
	};
	objectVersion = 48;
	objects = {

/* Begin PBXBuildFile section */
		EC05A9391FA2AE4000A65966 /* DetalhesFilmeViewController.swift in Sources */ = {isa = PBXBuildFile; fileRef = EC05A9381FA2AE4000A65966 /* DetalhesFilmeViewController.swift */; };
		EC30106B1FA15CF000A6FB39 /* AppDelegate.swift in Sources */ = {isa = PBXBuildFile; fileRef = EC30106A1FA15CF000A6FB39 /* AppDelegate.swift */; };
		EC30106D1FA15CF000A6FB39 /* ViewController.swift in Sources */ = {isa = PBXBuildFile; fileRef = EC30106C1FA15CF000A6FB39 /* ViewController.swift */; };
		EC3010701FA15CF000A6FB39 /* Main.storyboard in Resources */ = {isa = PBXBuildFile; fileRef = EC30106E1FA15CF000A6FB39 /* Main.storyboard */; };
		EC3010721FA15CF000A6FB39 /* Assets.xcassets in Resources */ = {isa = PBXBuildFile; fileRef = EC3010711FA15CF000A6FB39 /* Assets.xcassets */; };
		EC3010751FA15CF000A6FB39 /* LaunchScreen.storyboard in Resources */ = {isa = PBXBuildFile; fileRef = EC3010731FA15CF000A6FB39 /* LaunchScreen.storyboard */; };
		EC30107D1FA15E6100A6FB39 /* Filmes.swift in Sources */ = {isa = PBXBuildFile; fileRef = EC30107C1FA15E6100A6FB39 /* Filmes.swift */; };
		EC30107F1FA169E700A6FB39 /* FilmeCelula.swift in Sources */ = {isa = PBXBuildFile; fileRef = EC30107E1FA169E700A6FB39 /* FilmeCelula.swift */; };
/* End PBXBuildFile section */

/* Begin PBXFileReference section */
		EC05A9381FA2AE4000A65966 /* DetalhesFilmeViewController.swift */ = {isa = PBXFileReference; lastKnownFileType = sourcecode.swift; path = DetalhesFilmeViewController.swift; sourceTree = "<group>"; };
		EC3010671FA15CEF00A6FB39 /* Meus Filmes aula.app */ = {isa = PBXFileReference; explicitFileType = wrapper.application; includeInIndex = 0; path = "Meus Filmes aula.app"; sourceTree = BUILT_PRODUCTS_DIR; };
		EC30106A1FA15CF000A6FB39 /* AppDelegate.swift */ = {isa = PBXFileReference; lastKnownFileType = sourcecode.swift; path = AppDelegate.swift; sourceTree = "<group>"; };
		EC30106C1FA15CF000A6FB39 /* ViewController.swift */ = {isa = PBXFileReference; lastKnownFileType = sourcecode.swift; path = ViewController.swift; sourceTree = "<group>"; };
		EC30106F1FA15CF000A6FB39 /* Base */ = {isa = PBXFileReference; lastKnownFileType = file.storyboard; name = Base; path = Base.lproj/Main.storyboard; sourceTree = "<group>"; };
		EC3010711FA15CF000A6FB39 /* Assets.xcassets */ = {isa = PBXFileReference; lastKnownFileType = folder.assetcatalog; path = Assets.xcassets; sourceTree = "<group>"; };
		EC3010741FA15CF000A6FB39 /* Base */ = {isa = PBXFileReference; lastKnownFileType = file.storyboard; name = Base; path = Base.lproj/LaunchScreen.storyboard; sourceTree = "<group>"; };
		EC3010761FA15CF000A6FB39 /* Info.plist */ = {isa = PBXFileReference; lastKnownFileType = text.plist.xml; path = Info.plist; sourceTree = "<group>"; };
		EC30107C1FA15E6100A6FB39 /* Filmes.swift */ = {isa = PBXFileReference; lastKnownFileType = sourcecode.swift; path = Filmes.swift; sourceTree = "<group>"; };
		EC30107E1FA169E700A6FB39 /* FilmeCelula.swift */ = {isa = PBXFileReference; lastKnownFileType = sourcecode.swift; path = FilmeCelula.swift; sourceTree = "<group>"; };
/* End PBXFileReference section */

/* Begin PBXFrameworksBuildPhase section */
		EC3010641FA15CEF00A6FB39 /* Frameworks */ = {
			isa = PBXFrameworksBuildPhase;
			buildActionMask = 2147483647;
			files = (
			);
			runOnlyForDeploymentPostprocessing = 0;
		};
/* End PBXFrameworksBuildPhase section */

/* Begin PBXGroup section */
		EC30105E1FA15CEF00A6FB39 = {
			isa = PBXGroup;
			children = (
				EC3010691FA15CEF00A6FB39 /* Meus Filmes aula */,
				EC3010681FA15CEF00A6FB39 /* Products */,
			);
			sourceTree = "<group>";
		};
		EC3010681FA15CEF00A6FB39 /* Products */ = {
			isa = PBXGroup;
			children = (
				EC3010671FA15CEF00A6FB39 /* Meus Filmes aula.app */,
			);
			name = Products;
			sourceTree = "<group>";
		};
		EC3010691FA15CEF00A6FB39 /* Meus Filmes aula */ = {
			isa = PBXGroup;
			children = (
				EC30106A1FA15CF000A6FB39 /* AppDelegate.swift */,
				EC30106C1FA15CF000A6FB39 /* ViewController.swift */,
				EC30106E1FA15CF000A6FB39 /* Main.storyboard */,
				EC05A9381FA2AE4000A65966 /* DetalhesFilmeViewController.swift */,
				EC30107E1FA169E700A6FB39 /* FilmeCelula.swift */,
				EC3010711FA15CF000A6FB39 /* Assets.xcassets */,
				EC3010731FA15CF000A6FB39 /* LaunchScreen.storyboard */,
				EC3010761FA15CF000A6FB39 /* Info.plist */,
				EC30107C1FA15E6100A6FB39 /* Filmes.swift */,
			);
			path = "Meus Filmes aula";
			sourceTree = "<group>";
		};
/* End PBXGroup section */

/* Begin PBXNativeTarget section */
		EC3010661FA15CEF00A6FB39 /* Meus Filmes aula */ = {
			isa = PBXNativeTarget;
			buildConfigurationList = EC3010791FA15CF000A6FB39 /* Build configuration list for PBXNativeTarget "Meus Filmes aula" */;
			buildPhases = (
				EC3010631FA15CEF00A6FB39 /* Sources */,
				EC3010641FA15CEF00A6FB39 /* Frameworks */,
				EC3010651FA15CEF00A6FB39 /* Resources */,
			);
			buildRules = (
			);
			dependencies = (
			);
			name = "Meus Filmes aula";
			productName = "Meus Filmes aula";
			productReference = EC3010671FA15CEF00A6FB39 /* Meus Filmes aula.app */;
			productType = "com.apple.product-type.application";
		};
/* End PBXNativeTarget section */

/* Begin PBXProject section */
		EC30105F1FA15CEF00A6FB39 /* Project object */ = {
			isa = PBXProject;
			attributes = {
				LastSwiftUpdateCheck = 0910;
				LastUpgradeCheck = 0910;
				ORGANIZATIONNAME = "Bruno Lopes de Mello";
				TargetAttributes = {
					EC3010661FA15CEF00A6FB39 = {
						CreatedOnToolsVersion = 9.1;
						ProvisioningStyle = Automatic;
					};
				};
			};
			buildConfigurationList = EC3010621FA15CEF00A6FB39 /* Build configuration list for PBXProject "Meus Filmes aula" */;
			compatibilityVersion = "Xcode 8.0";
			developmentRegion = en;
			hasScannedForEncodings = 0;
			knownRegions = (
				en,
				Base,
			);
			mainGroup = EC30105E1FA15CEF00A6FB39;
			productRefGroup = EC3010681FA15CEF00A6FB39 /* Products */;
			projectDirPath = "";
			projectRoot = "";
			targets = (
				EC3010661FA15CEF00A6FB39 /* Meus Filmes aula */,
			);
		};
/* End PBXProject section */

/* Begin PBXResourcesBuildPhase section */
		EC3010651FA15CEF00A6FB39 /* Resources */ = {
			isa = PBXResourcesBuildPhase;
			buildActionMask = 2147483647;
			files = (
				EC3010751FA15CF000A6FB39 /* LaunchScreen.storyboard in Resources */,
				EC3010721FA15CF000A6FB39 /* Assets.xcassets in Resources */,
				EC3010701FA15CF000A6FB39 /* Main.storyboard in Resources */,
			);
			runOnlyForDeploymentPostprocessing = 0;
		};
/* End PBXResourcesBuildPhase section */

/* Begin PBXSourcesBuildPhase section */
		EC3010631FA15CEF00A6FB39 /* Sources */ = {
			isa = PBXSourcesBuildPhase;
			buildActionMask = 2147483647;
			files = (
				EC30107D1FA15E6100A6FB39 /* Filmes.swift in Sources */,
				EC30106D1FA15CF000A6FB39 /* ViewController.swift in Sources */,
				EC05A9391FA2AE4000A65966 /* DetalhesFilmeViewController.swift in Sources */,
				EC30106B1FA15CF000A6FB39 /* AppDelegate.swift in Sources */,
				EC30107F1FA169E700A6FB39 /* FilmeCelula.swift in Sources */,
			);
			runOnlyForDeploymentPostprocessing = 0;
		};
/* End PBXSourcesBuildPhase section */

/* Begin PBXVariantGroup section */
		EC30106E1FA15CF000A6FB39 /* Main.storyboard */ = {
			isa = PBXVariantGroup;
			children = (
				EC30106F1FA15CF000A6FB39 /* Base */,
			);
			name = Main.storyboard;
			sourceTree = "<group>";
		};
		EC3010731FA15CF000A6FB39 /* LaunchScreen.storyboard */ = {
			isa = PBXVariantGroup;
			children = (
				EC3010741FA15CF000A6FB39 /* Base */,
			);
			name = LaunchScreen.storyboard;
			sourceTree = "<group>";
		};
/* End PBXVariantGroup section */

/* Begin XCBuildConfiguration section */
		EC3010771FA15CF000A6FB39 /* Debug */ = {
			isa = XCBuildConfiguration;
			buildSettings = {
				ALWAYS_SEARCH_USER_PATHS = NO;
				CLANG_ANALYZER_NONNULL = YES;
				CLANG_ANALYZER_NUMBER_OBJECT_CONVERSION = YES_AGGRESSIVE;
				CLANG_CXX_LANGUAGE_STANDARD = "gnu++14";
				CLANG_CXX_LIBRARY = "libc++";
				CLANG_ENABLE_MODULES = YES;
				CLANG_ENABLE_OBJC_ARC = YES;
				CLANG_WARN_BLOCK_CAPTURE_AUTORELEASING = YES;
				CLANG_WARN_BOOL_CONVERSION = YES;
				CLANG_WARN_COMMA = YES;
				CLANG_WARN_CONSTANT_CONVERSION = YES;
				CLANG_WARN_DIRECT_OBJC_ISA_USAGE = YES_ERROR;
				CLANG_WARN_DOCUMENTATION_COMMENTS = YES;
				CLANG_WARN_EMPTY_BODY = YES;
				CLANG_WARN_ENUM_CONVERSION = YES;
				CLANG_WARN_INFINITE_RECURSION = YES;
				CLANG_WARN_INT_CONVERSION = YES;
				CLANG_WARN_NON_LITERAL_NULL_CONVERSION = YES;
				CLANG_WARN_OBJC_LITERAL_CONVERSION = YES;
				CLANG_WARN_OBJC_ROOT_CLASS = YES_ERROR;
				CLANG_WARN_RANGE_LOOP_ANALYSIS = YES;
				CLANG_WARN_STRICT_PROTOTYPES = YES;
				CLANG_WARN_SUSPICIOUS_MOVE = YES;
				CLANG_WARN_UNGUARDED_AVAILABILITY = YES_AGGRESSIVE;
				CLANG_WARN_UNREACHABLE_CODE = YES;
				CLANG_WARN__DUPLICATE_METHOD_MATCH = YES;
				CODE_SIGN_IDENTITY = "iPhone Developer";
				COPY_PHASE_STRIP = NO;
				DEBUG_INFORMATION_FORMAT = dwarf;
				ENABLE_STRICT_OBJC_MSGSEND = YES;
				ENABLE_TESTABILITY = YES;
				GCC_C_LANGUAGE_STANDARD = gnu11;
				GCC_DYNAMIC_NO_PIC = NO;
				GCC_NO_COMMON_BLOCKS = YES;
				GCC_OPTIMIZATION_LEVEL = 0;
				GCC_PREPROCESSOR_DEFINITIONS = (
					"DEBUG=1",
					"$(inherited)",
				);
				GCC_WARN_64_TO_32_BIT_CONVERSION = YES;
				GCC_WARN_ABOUT_RETURN_TYPE = YES_ERROR;
				GCC_WARN_UNDECLARED_SELECTOR = YES;
				GCC_WARN_UNINITIALIZED_AUTOS = YES_AGGRESSIVE;
				GCC_WARN_UNUSED_FUNCTION = YES;
				GCC_WARN_UNUSED_VARIABLE = YES;
				IPHONEOS_DEPLOYMENT_TARGET = 11.1;
				MTL_ENABLE_DEBUG_INFO = YES;
				ONLY_ACTIVE_ARCH = YES;
				SDKROOT = iphoneos;
				SWIFT_ACTIVE_COMPILATION_CONDITIONS = DEBUG;
				SWIFT_OPTIMIZATION_LEVEL = "-Onone";
			};
			name = Debug;
		};
		EC3010781FA15CF000A6FB39 /* Release */ = {
			isa = XCBuildConfiguration;
			buildSettings = {
				ALWAYS_SEARCH_USER_PATHS = NO;
				CLANG_ANALYZER_NONNULL = YES;
				CLANG_ANALYZER_NUMBER_OBJECT_CONVERSION = YES_AGGRESSIVE;
				CLANG_CXX_LANGUAGE_STANDARD = "gnu++14";
				CLANG_CXX_LIBRARY = "libc++";
				CLANG_ENABLE_MODULES = YES;
				CLANG_ENABLE_OBJC_ARC = YES;
				CLANG_WARN_BLOCK_CAPTURE_AUTORELEASING = YES;
				CLANG_WARN_BOOL_CONVERSION = YES;
				CLANG_WARN_COMMA = YES;
				CLANG_WARN_CONSTANT_CONVERSION = YES;
				CLANG_WARN_DIRECT_OBJC_ISA_USAGE = YES_ERROR;
				CLANG_WARN_DOCUMENTATION_COMMENTS = YES;
				CLANG_WARN_EMPTY_BODY = YES;
				CLANG_WARN_ENUM_CONVERSION = YES;
				CLANG_WARN_INFINITE_RECURSION = YES;
				CLANG_WARN_INT_CONVERSION = YES;
				CLANG_WARN_NON_LITERAL_NULL_CONVERSION = YES;
				CLANG_WARN_OBJC_LITERAL_CONVERSION = YES;
				CLANG_WARN_OBJC_ROOT_CLASS = YES_ERROR;
				CLANG_WARN_RANGE_LOOP_ANALYSIS = YES;
				CLANG_WARN_STRICT_PROTOTYPES = YES;
				CLANG_WARN_SUSPICIOUS_MOVE = YES;
				CLANG_WARN_UNGUARDED_AVAILABILITY = YES_AGGRESSIVE;
				CLANG_WARN_UNREACHABLE_CODE = YES;
				CLANG_WARN__DUPLICATE_METHOD_MATCH = YES;
				CODE_SIGN_IDENTITY = "iPhone Developer";
				COPY_PHASE_STRIP = NO;
				DEBUG_INFORMATION_FORMAT = "dwarf-with-dsym";
				ENABLE_NS_ASSERTIONS = NO;
				ENABLE_STRICT_OBJC_MSGSEND = YES;
				GCC_C_LANGUAGE_STANDARD = gnu11;
				GCC_NO_COMMON_BLOCKS = YES;
				GCC_WARN_64_TO_32_BIT_CONVERSION = YES;
				GCC_WARN_ABOUT_RETURN_TYPE = YES_ERROR;
				GCC_WARN_UNDECLARED_SELECTOR = YES;
				GCC_WARN_UNINITIALIZED_AUTOS = YES_AGGRESSIVE;
				GCC_WARN_UNUSED_FUNCTION = YES;
				GCC_WARN_UNUSED_VARIABLE = YES;
				IPHONEOS_DEPLOYMENT_TARGET = 11.1;
				MTL_ENABLE_DEBUG_INFO = NO;
				SDKROOT = iphoneos;
				SWIFT_OPTIMIZATION_LEVEL = "-Owholemodule";
				VALIDATE_PRODUCT = YES;
			};
			name = Release;
		};
		EC30107A1FA15CF000A6FB39 /* Debug */ = {
			isa = XCBuildConfiguration;
			buildSettings = {
				ASSETCATALOG_COMPILER_APPICON_NAME = AppIcon;
				CODE_SIGN_STYLE = Automatic;
				DEVELOPMENT_TEAM = RDTR6557FX;
				INFOPLIST_FILE = "Meus Filmes aula/Info.plist";
				LD_RUNPATH_SEARCH_PATHS = "$(inherited) @executable_path/Frameworks";
				PRODUCT_BUNDLE_IDENTIFIER = "com.cursoios.Frases-do-Dia1";
				PRODUCT_NAME = "$(TARGET_NAME)";
				SWIFT_VERSION = 4.0;
				TARGETED_DEVICE_FAMILY = "1,2";
			};
			name = Debug;
		};
		EC30107B1FA15CF000A6FB39 /* Release */ = {
			isa = XCBuildConfiguration;
			buildSettings = {
				ASSETCATALOG_COMPILER_APPICON_NAME = AppIcon;
				CODE_SIGN_STYLE = Automatic;
				DEVELOPMENT_TEAM = RDTR6557FX;
				INFOPLIST_FILE = "Meus Filmes aula/Info.plist";
				LD_RUNPATH_SEARCH_PATHS = "$(inherited) @executable_path/Frameworks";
				PRODUCT_BUNDLE_IDENTIFIER = "com.cursoios.Frases-do-Dia1";
				PRODUCT_NAME = "$(TARGET_NAME)";
				SWIFT_VERSION = 4.0;
				TARGETED_DEVICE_FAMILY = "1,2";
			};
			name = Release;
		};
/* End XCBuildConfiguration section */

/* Begin XCConfigurationList section */
		EC3010621FA15CEF00A6FB39 /* Build configuration list for PBXProject "Meus Filmes aula" */ = {
			isa = XCConfigurationList;
			buildConfigurations = (
				EC3010771FA15CF000A6FB39 /* Debug */,
				EC3010781FA15CF000A6FB39 /* Release */,
			);
			defaultConfigurationIsVisible = 0;
			defaultConfigurationName = Release;
		};
		EC3010791FA15CF000A6FB39 /* Build configuration list for PBXNativeTarget "Meus Filmes aula" */ = {
			isa = XCConfigurationList;
			buildConfigurations = (
				EC30107A1FA15CF000A6FB39 /* Debug */,
				EC30107B1FA15CF000A6FB39 /* Release */,
			);
			defaultConfigurationIsVisible = 0;
			defaultConfigurationName = Release;
		};
/* End XCConfigurationList section */
	};
	rootObject = EC30105F1FA15CEF00A6FB39 /* Project object */;
}
